github.com/doronbehar/termbox-go v0.0.0-20191006141301-8c9470559e05 h1:pmXx7j8+mmkFJB2+qoB1C/Mz8SWvMlHTxSWOptJrr7E=
github.com/doronbehar/termbox-go v0.0.0-20191006141301-8c9470559e05/go.mod h1:cHYbFQiZNC8LPG6clYoLMKAl0xx7KR75RPsHtG/f1Hk=
github.com/mattn/go-runewidth v0.0.9 h1:Lm995f3rfxdpd6TSmuVCHVb/QhupuXlYr8sCI/QdE+0=
github.com/mattn/go-runewidth v0.0.9/go.mod h1:H031xJmbD/WCDINGzjvQ9THkh0rPKHF+m2gUSrubnMI=
github.com/nsf/termbox-go v0.0.0-20200204031403-4d2b513ad8be h1:yzmWtPyxEUIKdZg4RcPq64MfS8NA6A5fNOJgYhpR9EQ=
github.com/nsf/termbox-go v0.0.0-20200204031403-4d2b513ad8be/go.mod h1:IuKpRQcYE1Tfu+oAQqaLisqDeXgjyyltCfsaoYN18NQ=
